
Microsoft Visual Studio Solution File, Format Version 12.00
# Visual Studio Version 17
VisualStudioVersion = 17.3.32825.248
MinimumVisualStudioVersion = 10.0.40219.1
Project("{FAE04EC0-301F-11D3-BF4B-00C04F79EFBC}") = "Button_Add_First", "Button_Add_First.csproj", "{95F2F046-0C2B-48CA-BD28-36ED1C98D145}"
EndProject
Global
	GlobalSection(SolutionConfigurationPlatforms) = preSolution
		Debug|Any CPU = Debug|Any CPU
		Release|Any CPU = Release|Any CPU
	EndGlobalSection
	GlobalSection(ProjectConfigurationPlatforms) = postSolution
		{95F2F046-0C2B-48CA-BD28-36ED1C98D145}.Debug|Any CPU.ActiveCfg = Debug|Any CPU
		{95F2F046-0C2B-48CA-BD28-36ED1C98D145}.Debug|Any CPU.Build.0 = Debug|Any CPU
		{95F2F046-0C2B-48CA-BD28-36ED1C98D145}.Release|Any CPU.ActiveCfg = Release|Any CPU
		{95F2F046-0C2B-48CA-BD28-36ED1C98D145}.Release|Any CPU.Build.0 = Release|Any CPU
	EndGlobalSection
	GlobalSection(SolutionProperties) = preSolution
		HideSolutionNode = FALSE
	EndGlobalSection
	GlobalSection(ExtensibilityGlobals) = postSolution
		SolutionGuid = {00F854CB-EF12-4319-9F9D-5449E43FE0AF}
	EndGlobalSection
EndGlobal
